
Microsoft Visual Studio Solution File, Format Version 11.00
# Visual Studio 2010
Project("{FAE04EC0-301F-11D3-BF4B-00C04F79EFBC}") = "Moxi", "Assembly-CSharp.csproj", "{87D0AFAB-F137-1875-4C04-06D33B33FC86}"
EndProject
Project("{FAE04EC0-301F-11D3-BF4B-00C04F79EFBC}") = "Moxi", "Assembly-CSharp-firstpass.csproj", "{53199610-C3FB-3FC3-9A32-A482E63E11D3}"
EndProject
Project("{FAE04EC0-301F-11D3-BF4B-00C04F79EFBC}") = "Moxi", "Assembly-CSharp-Editor.csproj", "{A8C7650A-38C2-1E27-BB02-F3B08D3BCD2A}"
EndProject
Global
	GlobalSection(SolutionConfigurationPlatforms) = preSolution
		Debug|Any CPU = Debug|Any CPU
		Release|Any CPU = Release|Any CPU
	EndGlobalSection
	GlobalSection(ProjectConfigurationPlatforms) = postSolution
		{87D0AFAB-F137-1875-4C04-06D33B33FC86}.Debug|Any CPU.ActiveCfg = Debug|Any CPU
		{87D0AFAB-F137-1875-4C04-06D33B33FC86}.Debug|Any CPU.Build.0 = Debug|Any CPU
		{87D0AFAB-F137-1875-4C04-06D33B33FC86}.Release|Any CPU.ActiveCfg = Release|Any CPU
		{87D0AFAB-F137-1875-4C04-06D33B33FC86}.Release|Any CPU.Build.0 = Release|Any CPU
		{53199610-C3FB-3FC3-9A32-A482E63E11D3}.Debug|Any CPU.ActiveCfg = Debug|Any CPU
		{53199610-C3FB-3FC3-9A32-A482E63E11D3}.Debug|Any CPU.Build.0 = Debug|Any CPU
		{53199610-C3FB-3FC3-9A32-A482E63E11D3}.Release|Any CPU.ActiveCfg = Release|Any CPU
		{53199610-C3FB-3FC3-9A32-A482E63E11D3}.Release|Any CPU.Build.0 = Release|Any CPU
		{A8C7650A-38C2-1E27-BB02-F3B08D3BCD2A}.Debug|Any CPU.ActiveCfg = Debug|Any CPU
		{A8C7650A-38C2-1E27-BB02-F3B08D3BCD2A}.Debug|Any CPU.Build.0 = Debug|Any CPU
		{A8C7650A-38C2-1E27-BB02-F3B08D3BCD2A}.Release|Any CPU.ActiveCfg = Release|Any CPU
		{A8C7650A-38C2-1E27-BB02-F3B08D3BCD2A}.Release|Any CPU.Build.0 = Release|Any CPU
	EndGlobalSection
	GlobalSection(SolutionProperties) = preSolution
		HideSolutionNode = FALSE
	EndGlobalSection
	GlobalSection(MonoDevelopProperties) = preSolution
		StartupItem = Assembly-CSharp.csproj
	EndGlobalSection
EndGlobal
